
Microsoft Visual Studio Solution File, Format Version 12.00
# Visual Studio Version 17
VisualStudioVersion = 17.10.35027.167
MinimumVisualStudioVersion = 10.0.40219.1
Project("{9A19103F-16F7-4668-BE54-9A1E7A4F7556}") = "AdventureWorks.Domain", "AdventureWorks.Domain\AdventureWorks.Domain.csproj", "{B62753BD-3480-4A29-8200-7833B4508652}"
EndProject
Project("{9A19103F-16F7-4668-BE54-9A1E7A4F7556}") = "AdventureWorks.ConsoleApp", "AdventureWorks.ConsoleApp\AdventureWorks.ConsoleApp.csproj", "{E0177E25-7F6C-4A59-86BB-F94A2321F623}"
EndProject
Project("{FAE04EC0-301F-11D3-BF4B-00C04F79EFBC}") = "AdventureWorks.Infrastructure", "AdventureWorks.Infrastructure\AdventureWorks.Infrastructure.csproj", "{939C438B-04EC-4282-A4E9-53436B35B7E2}"
EndProject
Project("{FAE04EC0-301F-11D3-BF4B-00C04F79EFBC}") = "AdventureWorks.ServiceAPI", "AdventureWorks.ServiceAPI\AdventureWorks.ServiceAPI.csproj", "{D736736E-435E-4764-A10C-5F113F043207}"
EndProject
Global
	GlobalSection(SolutionConfigurationPlatforms) = preSolution
		Debug|Any CPU = Debug|Any CPU
		Release|Any CPU = Release|Any CPU
	EndGlobalSection
	GlobalSection(ProjectConfigurationPlatforms) = postSolution
		{B62753BD-3480-4A29-8200-7833B4508652}.Debug|Any CPU.ActiveCfg = Debug|Any CPU
		{B62753BD-3480-4A29-8200-7833B4508652}.Debug|Any CPU.Build.0 = Debug|Any CPU
		{B62753BD-3480-4A29-8200-7833B4508652}.Release|Any CPU.ActiveCfg = Release|Any CPU
		{B62753BD-3480-4A29-8200-7833B4508652}.Release|Any CPU.Build.0 = Release|Any CPU
		{E0177E25-7F6C-4A59-86BB-F94A2321F623}.Debug|Any CPU.ActiveCfg = Debug|Any CPU
		{E0177E25-7F6C-4A59-86BB-F94A2321F623}.Debug|Any CPU.Build.0 = Debug|Any CPU
		{E0177E25-7F6C-4A59-86BB-F94A2321F623}.Release|Any CPU.ActiveCfg = Release|Any CPU
		{E0177E25-7F6C-4A59-86BB-F94A2321F623}.Release|Any CPU.Build.0 = Release|Any CPU
		{939C438B-04EC-4282-A4E9-53436B35B7E2}.Debug|Any CPU.ActiveCfg = Debug|Any CPU
		{939C438B-04EC-4282-A4E9-53436B35B7E2}.Debug|Any CPU.Build.0 = Debug|Any CPU
		{939C438B-04EC-4282-A4E9-53436B35B7E2}.Release|Any CPU.ActiveCfg = Release|Any CPU
		{939C438B-04EC-4282-A4E9-53436B35B7E2}.Release|Any CPU.Build.0 = Release|Any CPU
		{D736736E-435E-4764-A10C-5F113F043207}.Debug|Any CPU.ActiveCfg = Debug|Any CPU
		{D736736E-435E-4764-A10C-5F113F043207}.Debug|Any CPU.Build.0 = Debug|Any CPU
		{D736736E-435E-4764-A10C-5F113F043207}.Release|Any CPU.ActiveCfg = Release|Any CPU
		{D736736E-435E-4764-A10C-5F113F043207}.Release|Any CPU.Build.0 = Release|Any CPU
	EndGlobalSection
	GlobalSection(SolutionProperties) = preSolution
		HideSolutionNode = FALSE
	EndGlobalSection
	GlobalSection(ExtensibilityGlobals) = postSolution
		SolutionGuid = {7BF5A8A4-729D-4C2B-8F22-CF036E3483C8}
	EndGlobalSection
EndGlobal
