
Microsoft Visual Studio Solution File, Format Version 12.00
# Visual Studio Version 17
VisualStudioVersion = 17.8.34408.163
MinimumVisualStudioVersion = 10.0.40219.1
Project("{FAE04EC0-301F-11D3-BF4B-00C04F79EFBC}") = "Ch18_Filters", "Filters\Ch18_Filters.csproj", "{965DC80B-11CD-42B0-A1F5-25DA3D85F1D9}"
EndProject
Project("{FAE04EC0-301F-11D3-BF4B-00C04F79EFBC}") = "Ch19_ControllerExtensibility", "ControllerExtensibility\Ch19_ControllerExtensibility.csproj", "{8996F15E-4EFC-45CA-BA82-E9CD36E47B88}"
EndProject
Project("{FAE04EC0-301F-11D3-BF4B-00C04F79EFBC}") = "Ch20_WorkingWithRazor", "WorkingWithRazor\Ch20_WorkingWithRazor.csproj", "{FEDAB050-FEA7-493F-9656-C95A69A63AA9}"
EndProject
Project("{FAE04EC0-301F-11D3-BF4B-00C04F79EFBC}") = "Ch21_HelperMethods", "Ch21_HelperMethods\Ch21_HelperMethods.csproj", "{224EBDF5-97B9-4A22-8524-3ABAC8AA0CA9}"
EndProject
Project("{FAE04EC0-301F-11D3-BF4B-00C04F79EFBC}") = "Ch24_MvcModels", "Ch24_MvcModels\Ch24_MvcModels.csproj", "{D4DC4A2F-2F30-4704-A85D-BDE2DE9C8D34}"
EndProject
Project("{FAE04EC0-301F-11D3-BF4B-00C04F79EFBC}") = "Ch25_ModelValidation", "Ch25_ModelValidation\Ch25_ModelValidation.csproj", "{8ACF2D49-BDBC-4872-80E0-FA49155697CF}"
EndProject
Project("{FAE04EC0-301F-11D3-BF4B-00C04F79EFBC}") = "Ch26_ClientFeatures", "Ch26_ClientFeatures\Ch26_ClientFeatures.csproj", "{200FFBDE-E094-4566-B1D7-2859F02833ED}"
EndProject
Global
	GlobalSection(SolutionConfigurationPlatforms) = preSolution
		Debug|Any CPU = Debug|Any CPU
		Dev|Any CPU = Dev|Any CPU
		Prod|Any CPU = Prod|Any CPU
		Release|Any CPU = Release|Any CPU
		Test|Any CPU = Test|Any CPU
	EndGlobalSection
	GlobalSection(ProjectConfigurationPlatforms) = postSolution
		{965DC80B-11CD-42B0-A1F5-25DA3D85F1D9}.Debug|Any CPU.ActiveCfg = Debug|Any CPU
		{965DC80B-11CD-42B0-A1F5-25DA3D85F1D9}.Debug|Any CPU.Build.0 = Debug|Any CPU
		{965DC80B-11CD-42B0-A1F5-25DA3D85F1D9}.Dev|Any CPU.ActiveCfg = Dev|Any CPU
		{965DC80B-11CD-42B0-A1F5-25DA3D85F1D9}.Dev|Any CPU.Build.0 = Dev|Any CPU
		{965DC80B-11CD-42B0-A1F5-25DA3D85F1D9}.Prod|Any CPU.ActiveCfg = Prod|Any CPU
		{965DC80B-11CD-42B0-A1F5-25DA3D85F1D9}.Prod|Any CPU.Build.0 = Prod|Any CPU
		{965DC80B-11CD-42B0-A1F5-25DA3D85F1D9}.Release|Any CPU.ActiveCfg = Release|Any CPU
		{965DC80B-11CD-42B0-A1F5-25DA3D85F1D9}.Release|Any CPU.Build.0 = Release|Any CPU
		{965DC80B-11CD-42B0-A1F5-25DA3D85F1D9}.Test|Any CPU.ActiveCfg = Test|Any CPU
		{965DC80B-11CD-42B0-A1F5-25DA3D85F1D9}.Test|Any CPU.Build.0 = Test|Any CPU
		{8996F15E-4EFC-45CA-BA82-E9CD36E47B88}.Debug|Any CPU.ActiveCfg = Debug|Any CPU
		{8996F15E-4EFC-45CA-BA82-E9CD36E47B88}.Debug|Any CPU.Build.0 = Debug|Any CPU
		{8996F15E-4EFC-45CA-BA82-E9CD36E47B88}.Dev|Any CPU.ActiveCfg = Debug|Any CPU
		{8996F15E-4EFC-45CA-BA82-E9CD36E47B88}.Dev|Any CPU.Build.0 = Debug|Any CPU
		{8996F15E-4EFC-45CA-BA82-E9CD36E47B88}.Prod|Any CPU.ActiveCfg = Debug|Any CPU
		{8996F15E-4EFC-45CA-BA82-E9CD36E47B88}.Prod|Any CPU.Build.0 = Debug|Any CPU
		{8996F15E-4EFC-45CA-BA82-E9CD36E47B88}.Release|Any CPU.ActiveCfg = Release|Any CPU
		{8996F15E-4EFC-45CA-BA82-E9CD36E47B88}.Release|Any CPU.Build.0 = Release|Any CPU
		{8996F15E-4EFC-45CA-BA82-E9CD36E47B88}.Test|Any CPU.ActiveCfg = Debug|Any CPU
		{8996F15E-4EFC-45CA-BA82-E9CD36E47B88}.Test|Any CPU.Build.0 = Debug|Any CPU
		{FEDAB050-FEA7-493F-9656-C95A69A63AA9}.Debug|Any CPU.ActiveCfg = Debug|Any CPU
		{FEDAB050-FEA7-493F-9656-C95A69A63AA9}.Debug|Any CPU.Build.0 = Debug|Any CPU
		{FEDAB050-FEA7-493F-9656-C95A69A63AA9}.Dev|Any CPU.ActiveCfg = Debug|Any CPU
		{FEDAB050-FEA7-493F-9656-C95A69A63AA9}.Dev|Any CPU.Build.0 = Debug|Any CPU
		{FEDAB050-FEA7-493F-9656-C95A69A63AA9}.Prod|Any CPU.ActiveCfg = Debug|Any CPU
		{FEDAB050-FEA7-493F-9656-C95A69A63AA9}.Prod|Any CPU.Build.0 = Debug|Any CPU
		{FEDAB050-FEA7-493F-9656-C95A69A63AA9}.Release|Any CPU.ActiveCfg = Release|Any CPU
		{FEDAB050-FEA7-493F-9656-C95A69A63AA9}.Release|Any CPU.Build.0 = Release|Any CPU
		{FEDAB050-FEA7-493F-9656-C95A69A63AA9}.Test|Any CPU.ActiveCfg = Debug|Any CPU
		{FEDAB050-FEA7-493F-9656-C95A69A63AA9}.Test|Any CPU.Build.0 = Debug|Any CPU
		{224EBDF5-97B9-4A22-8524-3ABAC8AA0CA9}.Debug|Any CPU.ActiveCfg = Debug|Any CPU
		{224EBDF5-97B9-4A22-8524-3ABAC8AA0CA9}.Debug|Any CPU.Build.0 = Debug|Any CPU
		{224EBDF5-97B9-4A22-8524-3ABAC8AA0CA9}.Dev|Any CPU.ActiveCfg = Debug|Any CPU
		{224EBDF5-97B9-4A22-8524-3ABAC8AA0CA9}.Dev|Any CPU.Build.0 = Debug|Any CPU
		{224EBDF5-97B9-4A22-8524-3ABAC8AA0CA9}.Prod|Any CPU.ActiveCfg = Debug|Any CPU
		{224EBDF5-97B9-4A22-8524-3ABAC8AA0CA9}.Prod|Any CPU.Build.0 = Debug|Any CPU
		{224EBDF5-97B9-4A22-8524-3ABAC8AA0CA9}.Release|Any CPU.ActiveCfg = Release|Any CPU
		{224EBDF5-97B9-4A22-8524-3ABAC8AA0CA9}.Release|Any CPU.Build.0 = Release|Any CPU
		{224EBDF5-97B9-4A22-8524-3ABAC8AA0CA9}.Test|Any CPU.ActiveCfg = Debug|Any CPU
		{224EBDF5-97B9-4A22-8524-3ABAC8AA0CA9}.Test|Any CPU.Build.0 = Debug|Any CPU
		{D4DC4A2F-2F30-4704-A85D-BDE2DE9C8D34}.Debug|Any CPU.ActiveCfg = Debug|Any CPU
		{D4DC4A2F-2F30-4704-A85D-BDE2DE9C8D34}.Debug|Any CPU.Build.0 = Debug|Any CPU
		{D4DC4A2F-2F30-4704-A85D-BDE2DE9C8D34}.Dev|Any CPU.ActiveCfg = Debug|Any CPU
		{D4DC4A2F-2F30-4704-A85D-BDE2DE9C8D34}.Dev|Any CPU.Build.0 = Debug|Any CPU
		{D4DC4A2F-2F30-4704-A85D-BDE2DE9C8D34}.Prod|Any CPU.ActiveCfg = Debug|Any CPU
		{D4DC4A2F-2F30-4704-A85D-BDE2DE9C8D34}.Prod|Any CPU.Build.0 = Debug|Any CPU
		{D4DC4A2F-2F30-4704-A85D-BDE2DE9C8D34}.Release|Any CPU.ActiveCfg = Release|Any CPU
		{D4DC4A2F-2F30-4704-A85D-BDE2DE9C8D34}.Release|Any CPU.Build.0 = Release|Any CPU
		{D4DC4A2F-2F30-4704-A85D-BDE2DE9C8D34}.Test|Any CPU.ActiveCfg = Debug|Any CPU
		{D4DC4A2F-2F30-4704-A85D-BDE2DE9C8D34}.Test|Any CPU.Build.0 = Debug|Any CPU
		{8ACF2D49-BDBC-4872-80E0-FA49155697CF}.Debug|Any CPU.ActiveCfg = Debug|Any CPU
		{8ACF2D49-BDBC-4872-80E0-FA49155697CF}.Debug|Any CPU.Build.0 = Debug|Any CPU
		{8ACF2D49-BDBC-4872-80E0-FA49155697CF}.Dev|Any CPU.ActiveCfg = Debug|Any CPU
		{8ACF2D49-BDBC-4872-80E0-FA49155697CF}.Dev|Any CPU.Build.0 = Debug|Any CPU
		{8ACF2D49-BDBC-4872-80E0-FA49155697CF}.Prod|Any CPU.ActiveCfg = Debug|Any CPU
		{8ACF2D49-BDBC-4872-80E0-FA49155697CF}.Prod|Any CPU.Build.0 = Debug|Any CPU
		{8ACF2D49-BDBC-4872-80E0-FA49155697CF}.Release|Any CPU.ActiveCfg = Release|Any CPU
		{8ACF2D49-BDBC-4872-80E0-FA49155697CF}.Release|Any CPU.Build.0 = Release|Any CPU
		{8ACF2D49-BDBC-4872-80E0-FA49155697CF}.Test|Any CPU.ActiveCfg = Debug|Any CPU
		{8ACF2D49-BDBC-4872-80E0-FA49155697CF}.Test|Any CPU.Build.0 = Debug|Any CPU
		{200FFBDE-E094-4566-B1D7-2859F02833ED}.Debug|Any CPU.ActiveCfg = Debug|Any CPU
		{200FFBDE-E094-4566-B1D7-2859F02833ED}.Debug|Any CPU.Build.0 = Debug|Any CPU
		{200FFBDE-E094-4566-B1D7-2859F02833ED}.Dev|Any CPU.ActiveCfg = Debug|Any CPU
		{200FFBDE-E094-4566-B1D7-2859F02833ED}.Dev|Any CPU.Build.0 = Debug|Any CPU
		{200FFBDE-E094-4566-B1D7-2859F02833ED}.Prod|Any CPU.ActiveCfg = Debug|Any CPU
		{200FFBDE-E094-4566-B1D7-2859F02833ED}.Prod|Any CPU.Build.0 = Debug|Any CPU
		{200FFBDE-E094-4566-B1D7-2859F02833ED}.Release|Any CPU.ActiveCfg = Release|Any CPU
		{200FFBDE-E094-4566-B1D7-2859F02833ED}.Release|Any CPU.Build.0 = Release|Any CPU
		{200FFBDE-E094-4566-B1D7-2859F02833ED}.Test|Any CPU.ActiveCfg = Debug|Any CPU
		{200FFBDE-E094-4566-B1D7-2859F02833ED}.Test|Any CPU.Build.0 = Debug|Any CPU
	EndGlobalSection
	GlobalSection(SolutionProperties) = preSolution
		HideSolutionNode = FALSE
	EndGlobalSection
	GlobalSection(ExtensibilityGlobals) = postSolution
		SolutionGuid = {C8406333-E9DF-4D0A-A4EB-8DD703BE11E1}
	EndGlobalSection
EndGlobal
