
Microsoft Visual Studio Solution File, Format Version 12.00
# Visual Studio Version 17
VisualStudioVersion = 17.9.34714.143
MinimumVisualStudioVersion = 10.0.40219.1
Project("{9A19103F-16F7-4668-BE54-9A1E7A4F7556}") = "Module2", "Module2\Module2.csproj", "{DDBF9994-7AD2-4226-BDF9-526003E42D0B}"
EndProject
Project("{9A19103F-16F7-4668-BE54-9A1E7A4F7556}") = "Module5", "Module5\Module5.csproj", "{C8DFC154-87AD-43A8-995A-BD5223D227AD}"
EndProject
Project("{9A19103F-16F7-4668-BE54-9A1E7A4F7556}") = "Module4", "Module4\Module4.csproj", "{382CA8B0-9768-4BDD-A0F8-3D7AA50B47BC}"
EndProject
Project("{9A19103F-16F7-4668-BE54-9A1E7A4F7556}") = "Module3", "Module3\Module3.csproj", "{11DC48EC-FD22-4B2C-8498-B366DAA5B8F7}"
EndProject
Project("{9A19103F-16F7-4668-BE54-9A1E7A4F7556}") = "Module6", "Module6\Module6.csproj", "{8E37A538-F33F-451E-9186-59742A2F7021}"
EndProject
Project("{9A19103F-16F7-4668-BE54-9A1E7A4F7556}") = "Module7", "Module7\Module7.csproj", "{05C8E759-EA0E-4BD8-8664-507B9640A251}"
EndProject
Project("{9A19103F-16F7-4668-BE54-9A1E7A4F7556}") = "Module8", "Module8\Module8.csproj", "{F573EC44-FE48-4E23-AE40-507D851A27E9}"
EndProject
Project("{9A19103F-16F7-4668-BE54-9A1E7A4F7556}") = "Module9", "Module9\Module9.csproj", "{1C215739-0FB3-4A62-B624-64FAEFFD383F}"
EndProject
Project("{9A19103F-16F7-4668-BE54-9A1E7A4F7556}") = "Module10", "Module10\Module10.csproj", "{A891B6ED-93A1-4F0D-84D3-5C931DED5206}"
EndProject
Project("{9A19103F-16F7-4668-BE54-9A1E7A4F7556}") = "Module11", "Module11\Module11.csproj", "{FD6609AA-AC39-46F3-9911-4BC62AAC2435}"
EndProject
Project("{FAE04EC0-301F-11D3-BF4B-00C04F79EFBC}") = "Module12", "Module12\Module12.csproj", "{CC289467-2220-4188-92BE-50A11949B332}"
EndProject
Project("{FAE04EC0-301F-11D3-BF4B-00C04F79EFBC}") = "Module12.Tests", "Module12.Tests\Module12.Tests.csproj", "{551FDE24-54A0-44B6-A8B2-5D3FD0394255}"
EndProject
Global
	GlobalSection(SolutionConfigurationPlatforms) = preSolution
		Debug|Any CPU = Debug|Any CPU
		Release|Any CPU = Release|Any CPU
	EndGlobalSection
	GlobalSection(ProjectConfigurationPlatforms) = postSolution
		{DDBF9994-7AD2-4226-BDF9-526003E42D0B}.Debug|Any CPU.ActiveCfg = Debug|Any CPU
		{DDBF9994-7AD2-4226-BDF9-526003E42D0B}.Debug|Any CPU.Build.0 = Debug|Any CPU
		{DDBF9994-7AD2-4226-BDF9-526003E42D0B}.Release|Any CPU.ActiveCfg = Release|Any CPU
		{DDBF9994-7AD2-4226-BDF9-526003E42D0B}.Release|Any CPU.Build.0 = Release|Any CPU
		{C8DFC154-87AD-43A8-995A-BD5223D227AD}.Debug|Any CPU.ActiveCfg = Debug|Any CPU
		{C8DFC154-87AD-43A8-995A-BD5223D227AD}.Debug|Any CPU.Build.0 = Debug|Any CPU
		{C8DFC154-87AD-43A8-995A-BD5223D227AD}.Release|Any CPU.ActiveCfg = Release|Any CPU
		{C8DFC154-87AD-43A8-995A-BD5223D227AD}.Release|Any CPU.Build.0 = Release|Any CPU
		{382CA8B0-9768-4BDD-A0F8-3D7AA50B47BC}.Debug|Any CPU.ActiveCfg = Debug|Any CPU
		{382CA8B0-9768-4BDD-A0F8-3D7AA50B47BC}.Debug|Any CPU.Build.0 = Debug|Any CPU
		{382CA8B0-9768-4BDD-A0F8-3D7AA50B47BC}.Release|Any CPU.ActiveCfg = Release|Any CPU
		{382CA8B0-9768-4BDD-A0F8-3D7AA50B47BC}.Release|Any CPU.Build.0 = Release|Any CPU
		{11DC48EC-FD22-4B2C-8498-B366DAA5B8F7}.Debug|Any CPU.ActiveCfg = Debug|Any CPU
		{11DC48EC-FD22-4B2C-8498-B366DAA5B8F7}.Debug|Any CPU.Build.0 = Debug|Any CPU
		{11DC48EC-FD22-4B2C-8498-B366DAA5B8F7}.Release|Any CPU.ActiveCfg = Release|Any CPU
		{11DC48EC-FD22-4B2C-8498-B366DAA5B8F7}.Release|Any CPU.Build.0 = Release|Any CPU
		{8E37A538-F33F-451E-9186-59742A2F7021}.Debug|Any CPU.ActiveCfg = Debug|Any CPU
		{8E37A538-F33F-451E-9186-59742A2F7021}.Debug|Any CPU.Build.0 = Debug|Any CPU
		{8E37A538-F33F-451E-9186-59742A2F7021}.Release|Any CPU.ActiveCfg = Release|Any CPU
		{8E37A538-F33F-451E-9186-59742A2F7021}.Release|Any CPU.Build.0 = Release|Any CPU
		{05C8E759-EA0E-4BD8-8664-507B9640A251}.Debug|Any CPU.ActiveCfg = Debug|Any CPU
		{05C8E759-EA0E-4BD8-8664-507B9640A251}.Debug|Any CPU.Build.0 = Debug|Any CPU
		{05C8E759-EA0E-4BD8-8664-507B9640A251}.Release|Any CPU.ActiveCfg = Release|Any CPU
		{05C8E759-EA0E-4BD8-8664-507B9640A251}.Release|Any CPU.Build.0 = Release|Any CPU
		{F573EC44-FE48-4E23-AE40-507D851A27E9}.Debug|Any CPU.ActiveCfg = Debug|Any CPU
		{F573EC44-FE48-4E23-AE40-507D851A27E9}.Debug|Any CPU.Build.0 = Debug|Any CPU
		{F573EC44-FE48-4E23-AE40-507D851A27E9}.Release|Any CPU.ActiveCfg = Release|Any CPU
		{F573EC44-FE48-4E23-AE40-507D851A27E9}.Release|Any CPU.Build.0 = Release|Any CPU
		{1C215739-0FB3-4A62-B624-64FAEFFD383F}.Debug|Any CPU.ActiveCfg = Debug|Any CPU
		{1C215739-0FB3-4A62-B624-64FAEFFD383F}.Debug|Any CPU.Build.0 = Debug|Any CPU
		{1C215739-0FB3-4A62-B624-64FAEFFD383F}.Release|Any CPU.ActiveCfg = Release|Any CPU
		{1C215739-0FB3-4A62-B624-64FAEFFD383F}.Release|Any CPU.Build.0 = Release|Any CPU
		{A891B6ED-93A1-4F0D-84D3-5C931DED5206}.Debug|Any CPU.ActiveCfg = Debug|Any CPU
		{A891B6ED-93A1-4F0D-84D3-5C931DED5206}.Debug|Any CPU.Build.0 = Debug|Any CPU
		{A891B6ED-93A1-4F0D-84D3-5C931DED5206}.Release|Any CPU.ActiveCfg = Release|Any CPU
		{A891B6ED-93A1-4F0D-84D3-5C931DED5206}.Release|Any CPU.Build.0 = Release|Any CPU
		{FD6609AA-AC39-46F3-9911-4BC62AAC2435}.Debug|Any CPU.ActiveCfg = Debug|Any CPU
		{FD6609AA-AC39-46F3-9911-4BC62AAC2435}.Debug|Any CPU.Build.0 = Debug|Any CPU
		{FD6609AA-AC39-46F3-9911-4BC62AAC2435}.Release|Any CPU.ActiveCfg = Release|Any CPU
		{FD6609AA-AC39-46F3-9911-4BC62AAC2435}.Release|Any CPU.Build.0 = Release|Any CPU
		{CC289467-2220-4188-92BE-50A11949B332}.Debug|Any CPU.ActiveCfg = Debug|Any CPU
		{CC289467-2220-4188-92BE-50A11949B332}.Debug|Any CPU.Build.0 = Debug|Any CPU
		{CC289467-2220-4188-92BE-50A11949B332}.Release|Any CPU.ActiveCfg = Release|Any CPU
		{CC289467-2220-4188-92BE-50A11949B332}.Release|Any CPU.Build.0 = Release|Any CPU
		{551FDE24-54A0-44B6-A8B2-5D3FD0394255}.Debug|Any CPU.ActiveCfg = Debug|Any CPU
		{551FDE24-54A0-44B6-A8B2-5D3FD0394255}.Debug|Any CPU.Build.0 = Debug|Any CPU
		{551FDE24-54A0-44B6-A8B2-5D3FD0394255}.Release|Any CPU.ActiveCfg = Release|Any CPU
		{551FDE24-54A0-44B6-A8B2-5D3FD0394255}.Release|Any CPU.Build.0 = Release|Any CPU
	EndGlobalSection
	GlobalSection(SolutionProperties) = preSolution
		HideSolutionNode = FALSE
	EndGlobalSection
	GlobalSection(ExtensibilityGlobals) = postSolution
		SolutionGuid = {4BA60238-3910-413B-8E3A-299F44BBB743}
	EndGlobalSection
EndGlobal
