
Microsoft Visual Studio Solution File, Format Version 12.00
# Visual Studio Version 17
VisualStudioVersion = 17.14.36327.8
MinimumVisualStudioVersion = 10.0.40219.1
Project("{FAE04EC0-301F-11D3-BF4B-00C04F79EFBC}") = "WebTimeSheetManagement", "WebTimeSheetManagement\WebTimeSheetManagement.csproj", "{589B6CDA-A82D-4F89-88F8-8307327399AF}"
EndProject
Project("{FAE04EC0-301F-11D3-BF4B-00C04F79EFBC}") = "WebTimeSheetManagement.Interface", "WebTimeSheetManagement.Interface\WebTimeSheetManagement.Interface.csproj", "{A1386290-338C-490C-A98E-64E9041580B7}"
EndProject
Project("{FAE04EC0-301F-11D3-BF4B-00C04F79EFBC}") = "WebTimeSheetManagement.Concrete", "WebTimeSheetManagement.Concrete\WebTimeSheetManagement.Concrete.csproj", "{537C72C9-A6CC-45AB-B235-5C8C38A5D673}"
EndProject
Project("{FAE04EC0-301F-11D3-BF4B-00C04F79EFBC}") = "WebTimeSheetManagement.Models", "WebTimeSheetManagement.Models\WebTimeSheetManagement.Models.csproj", "{2ACCB7ED-9572-4EF6-9FA0-5B195C470962}"
EndProject
Project("{00D1A9C2-B5F0-4AF3-8072-F6C62B433612}") = "WebTimeSheetManagement.Database", "WebTimeSheetManagement.Database\WebTimeSheetManagement.Database.sqlproj", "{AAFB0C0A-4805-4AAC-A5D9-B32554AF8374}"
EndProject
Project("{2150E333-8FDC-42A3-9474-1A3956D46DE8}") = "Legacy", "Legacy", "{02EA681E-C7D8-13C7-8484-4AC65E1B71E8}"
EndProject
Project("{FAE04EC0-301F-11D3-BF4B-00C04F79EFBC}") = "WTSM.Domain", "WTSM.Modern\WTSM.Domain\WTSM.Domain.csproj", "{0ACB865A-01E0-4141-8881-589E0BB5E527}"
EndProject
Project("{FAE04EC0-301F-11D3-BF4B-00C04F79EFBC}") = "WTSM.Application", "WTSM.Modern\WTSM.Application\WTSM.Application.csproj", "{8D5579EF-1189-4B41-8BCD-22B8A6017F75}"
EndProject
Project("{FAE04EC0-301F-11D3-BF4B-00C04F79EFBC}") = "WTSM.Infrastructure", "WTSM.Modern\WTSM.Infrastructure\WTSM.Infrastructure.csproj", "{53A59FFA-658F-499C-885F-7A6E02D9D06D}"
EndProject
Global
	GlobalSection(SolutionConfigurationPlatforms) = preSolution
		Debug|Any CPU = Debug|Any CPU
		Release|Any CPU = Release|Any CPU
	EndGlobalSection
	GlobalSection(ProjectConfigurationPlatforms) = postSolution
		{589B6CDA-A82D-4F89-88F8-8307327399AF}.Debug|Any CPU.ActiveCfg = Debug|Any CPU
		{589B6CDA-A82D-4F89-88F8-8307327399AF}.Debug|Any CPU.Build.0 = Debug|Any CPU
		{589B6CDA-A82D-4F89-88F8-8307327399AF}.Release|Any CPU.ActiveCfg = Release|Any CPU
		{589B6CDA-A82D-4F89-88F8-8307327399AF}.Release|Any CPU.Build.0 = Release|Any CPU
		{A1386290-338C-490C-A98E-64E9041580B7}.Debug|Any CPU.ActiveCfg = Debug|Any CPU
		{A1386290-338C-490C-A98E-64E9041580B7}.Debug|Any CPU.Build.0 = Debug|Any CPU
		{A1386290-338C-490C-A98E-64E9041580B7}.Release|Any CPU.ActiveCfg = Release|Any CPU
		{A1386290-338C-490C-A98E-64E9041580B7}.Release|Any CPU.Build.0 = Release|Any CPU
		{537C72C9-A6CC-45AB-B235-5C8C38A5D673}.Debug|Any CPU.ActiveCfg = Debug|Any CPU
		{537C72C9-A6CC-45AB-B235-5C8C38A5D673}.Debug|Any CPU.Build.0 = Debug|Any CPU
		{537C72C9-A6CC-45AB-B235-5C8C38A5D673}.Release|Any CPU.ActiveCfg = Release|Any CPU
		{537C72C9-A6CC-45AB-B235-5C8C38A5D673}.Release|Any CPU.Build.0 = Release|Any CPU
		{2ACCB7ED-9572-4EF6-9FA0-5B195C470962}.Debug|Any CPU.ActiveCfg = Debug|Any CPU
		{2ACCB7ED-9572-4EF6-9FA0-5B195C470962}.Debug|Any CPU.Build.0 = Debug|Any CPU
		{2ACCB7ED-9572-4EF6-9FA0-5B195C470962}.Release|Any CPU.ActiveCfg = Release|Any CPU
		{2ACCB7ED-9572-4EF6-9FA0-5B195C470962}.Release|Any CPU.Build.0 = Release|Any CPU
		{AAFB0C0A-4805-4AAC-A5D9-B32554AF8374}.Debug|Any CPU.ActiveCfg = Debug|Any CPU
		{AAFB0C0A-4805-4AAC-A5D9-B32554AF8374}.Debug|Any CPU.Build.0 = Debug|Any CPU
		{AAFB0C0A-4805-4AAC-A5D9-B32554AF8374}.Debug|Any CPU.Deploy.0 = Debug|Any CPU
		{AAFB0C0A-4805-4AAC-A5D9-B32554AF8374}.Release|Any CPU.ActiveCfg = Release|Any CPU
		{AAFB0C0A-4805-4AAC-A5D9-B32554AF8374}.Release|Any CPU.Build.0 = Release|Any CPU
		{AAFB0C0A-4805-4AAC-A5D9-B32554AF8374}.Release|Any CPU.Deploy.0 = Release|Any CPU
		{0ACB865A-01E0-4141-8881-589E0BB5E527}.Debug|Any CPU.ActiveCfg = Debug|Any CPU
		{0ACB865A-01E0-4141-8881-589E0BB5E527}.Debug|Any CPU.Build.0 = Debug|Any CPU
		{0ACB865A-01E0-4141-8881-589E0BB5E527}.Release|Any CPU.ActiveCfg = Release|Any CPU
		{0ACB865A-01E0-4141-8881-589E0BB5E527}.Release|Any CPU.Build.0 = Release|Any CPU
		{8D5579EF-1189-4B41-8BCD-22B8A6017F75}.Debug|Any CPU.ActiveCfg = Debug|Any CPU
		{8D5579EF-1189-4B41-8BCD-22B8A6017F75}.Debug|Any CPU.Build.0 = Debug|Any CPU
		{8D5579EF-1189-4B41-8BCD-22B8A6017F75}.Release|Any CPU.ActiveCfg = Release|Any CPU
		{8D5579EF-1189-4B41-8BCD-22B8A6017F75}.Release|Any CPU.Build.0 = Release|Any CPU
		{53A59FFA-658F-499C-885F-7A6E02D9D06D}.Debug|Any CPU.ActiveCfg = Debug|Any CPU
		{53A59FFA-658F-499C-885F-7A6E02D9D06D}.Debug|Any CPU.Build.0 = Debug|Any CPU
		{53A59FFA-658F-499C-885F-7A6E02D9D06D}.Release|Any CPU.ActiveCfg = Release|Any CPU
		{53A59FFA-658F-499C-885F-7A6E02D9D06D}.Release|Any CPU.Build.0 = Release|Any CPU
	EndGlobalSection
	GlobalSection(SolutionProperties) = preSolution
		HideSolutionNode = FALSE
	EndGlobalSection
	GlobalSection(NestedProjects) = preSolution
		{589B6CDA-A82D-4F89-88F8-8307327399AF} = {02EA681E-C7D8-13C7-8484-4AC65E1B71E8}
		{A1386290-338C-490C-A98E-64E9041580B7} = {02EA681E-C7D8-13C7-8484-4AC65E1B71E8}
		{537C72C9-A6CC-45AB-B235-5C8C38A5D673} = {02EA681E-C7D8-13C7-8484-4AC65E1B71E8}
		{2ACCB7ED-9572-4EF6-9FA0-5B195C470962} = {02EA681E-C7D8-13C7-8484-4AC65E1B71E8}
		{AAFB0C0A-4805-4AAC-A5D9-B32554AF8374} = {02EA681E-C7D8-13C7-8484-4AC65E1B71E8}
	EndGlobalSection
	GlobalSection(ExtensibilityGlobals) = postSolution
		SolutionGuid = {6B1880E1-CA09-415C-A8CE-5BAEB7BEA64D}
	EndGlobalSection
EndGlobal
