
Microsoft Visual Studio Solution File, Format Version 12.00
# Visual Studio Version 17
VisualStudioVersion = 17.10.35027.167
MinimumVisualStudioVersion = 10.0.40219.1
Project("{FAE04EC0-301F-11D3-BF4B-00C04F79EFBC}") = "DEP.PercipioExercises", "DEP.PercipioExercises\DEP.PercipioExercises.csproj", "{02EC82D7-B493-45AF-9E3F-C15A91F49004}"
EndProject
Project("{FAE04EC0-301F-11D3-BF4B-00C04F79EFBC}") = "DEP.ExampleProject.API", "DEP.ExampleProject.API\DEP.ExampleProject.API.csproj", "{BA668363-FA1E-476A-9FEA-FB34BB189D9A}"
EndProject
Global
	GlobalSection(SolutionConfigurationPlatforms) = preSolution
		Debug|Any CPU = Debug|Any CPU
		Release|Any CPU = Release|Any CPU
	EndGlobalSection
	GlobalSection(ProjectConfigurationPlatforms) = postSolution
		{02EC82D7-B493-45AF-9E3F-C15A91F49004}.Debug|Any CPU.ActiveCfg = Debug|Any CPU
		{02EC82D7-B493-45AF-9E3F-C15A91F49004}.Debug|Any CPU.Build.0 = Debug|Any CPU
		{02EC82D7-B493-45AF-9E3F-C15A91F49004}.Release|Any CPU.ActiveCfg = Release|Any CPU
		{02EC82D7-B493-45AF-9E3F-C15A91F49004}.Release|Any CPU.Build.0 = Release|Any CPU
		{BA668363-FA1E-476A-9FEA-FB34BB189D9A}.Debug|Any CPU.ActiveCfg = Debug|Any CPU
		{BA668363-FA1E-476A-9FEA-FB34BB189D9A}.Debug|Any CPU.Build.0 = Debug|Any CPU
		{BA668363-FA1E-476A-9FEA-FB34BB189D9A}.Release|Any CPU.ActiveCfg = Release|Any CPU
		{BA668363-FA1E-476A-9FEA-FB34BB189D9A}.Release|Any CPU.Build.0 = Release|Any CPU
	EndGlobalSection
	GlobalSection(SolutionProperties) = preSolution
		HideSolutionNode = FALSE
	EndGlobalSection
	GlobalSection(ExtensibilityGlobals) = postSolution
		SolutionGuid = {BD3F04D3-6632-4A01-AF0F-A921D30B76D4}
	EndGlobalSection
EndGlobal
