
Microsoft Visual Studio Solution File, Format Version 12.00
# Visual Studio Version 17
VisualStudioVersion = 17.9.34714.143
MinimumVisualStudioVersion = 10.0.40219.1
Project("{FAE04EC0-301F-11D3-BF4B-00C04F79EFBC}") = "PartOne.Introduction", "PartOne\PartOne.Introduction.csproj", "{289344DD-48D6-463F-A363-42D180FB9EF1}"
EndProject
Project("{FAE04EC0-301F-11D3-BF4B-00C04F79EFBC}") = "Global.UnitTests", "Global.UnitTests\Global.UnitTests.csproj", "{7FD0DAF5-3288-480B-954F-A401CDA48212}"
EndProject
Project("{FAE04EC0-301F-11D3-BF4B-00C04F79EFBC}") = "SportsStore.Domain", "SportsStore.Domain\SportsStore.Domain.csproj", "{A74E2680-5DC7-4B3E-A1E4-C7B33CC65B3C}"
EndProject
Project("{FAE04EC0-301F-11D3-BF4B-00C04F79EFBC}") = "SportsStore.Web", "SportsStore.Web\SportsStore.Web.csproj", "{A7E8E721-B3D6-47F8-9D81-13C99E344F60}"
EndProject
Project("{FAE04EC0-301F-11D3-BF4B-00C04F79EFBC}") = "PartThree.AdvConcepts", "PartThree.AdvConcepts\PartThree.AdvConcepts.csproj", "{68F5D988-1EDA-41E8-83AE-27A8517AD818}"
EndProject
Project("{FAE04EC0-301F-11D3-BF4B-00C04F79EFBC}") = "PartFour.AdvConcepts", "PartFour.AdvConcepts\PartFour.AdvConcepts.csproj", "{F7C9D390-89B6-4AC5-AAD5-9EF1FEE90284}"
EndProject
Global
	GlobalSection(SolutionConfigurationPlatforms) = preSolution
		Debug|Any CPU = Debug|Any CPU
		Release|Any CPU = Release|Any CPU
	EndGlobalSection
	GlobalSection(ProjectConfigurationPlatforms) = postSolution
		{289344DD-48D6-463F-A363-42D180FB9EF1}.Debug|Any CPU.ActiveCfg = Debug|Any CPU
		{289344DD-48D6-463F-A363-42D180FB9EF1}.Debug|Any CPU.Build.0 = Debug|Any CPU
		{289344DD-48D6-463F-A363-42D180FB9EF1}.Release|Any CPU.ActiveCfg = Release|Any CPU
		{289344DD-48D6-463F-A363-42D180FB9EF1}.Release|Any CPU.Build.0 = Release|Any CPU
		{7FD0DAF5-3288-480B-954F-A401CDA48212}.Debug|Any CPU.ActiveCfg = Debug|Any CPU
		{7FD0DAF5-3288-480B-954F-A401CDA48212}.Debug|Any CPU.Build.0 = Debug|Any CPU
		{7FD0DAF5-3288-480B-954F-A401CDA48212}.Release|Any CPU.ActiveCfg = Release|Any CPU
		{7FD0DAF5-3288-480B-954F-A401CDA48212}.Release|Any CPU.Build.0 = Release|Any CPU
		{A74E2680-5DC7-4B3E-A1E4-C7B33CC65B3C}.Debug|Any CPU.ActiveCfg = Debug|Any CPU
		{A74E2680-5DC7-4B3E-A1E4-C7B33CC65B3C}.Debug|Any CPU.Build.0 = Debug|Any CPU
		{A74E2680-5DC7-4B3E-A1E4-C7B33CC65B3C}.Release|Any CPU.ActiveCfg = Release|Any CPU
		{A74E2680-5DC7-4B3E-A1E4-C7B33CC65B3C}.Release|Any CPU.Build.0 = Release|Any CPU
		{A7E8E721-B3D6-47F8-9D81-13C99E344F60}.Debug|Any CPU.ActiveCfg = Debug|Any CPU
		{A7E8E721-B3D6-47F8-9D81-13C99E344F60}.Debug|Any CPU.Build.0 = Debug|Any CPU
		{A7E8E721-B3D6-47F8-9D81-13C99E344F60}.Release|Any CPU.ActiveCfg = Release|Any CPU
		{A7E8E721-B3D6-47F8-9D81-13C99E344F60}.Release|Any CPU.Build.0 = Release|Any CPU
		{68F5D988-1EDA-41E8-83AE-27A8517AD818}.Debug|Any CPU.ActiveCfg = Debug|Any CPU
		{68F5D988-1EDA-41E8-83AE-27A8517AD818}.Debug|Any CPU.Build.0 = Debug|Any CPU
		{68F5D988-1EDA-41E8-83AE-27A8517AD818}.Release|Any CPU.ActiveCfg = Release|Any CPU
		{68F5D988-1EDA-41E8-83AE-27A8517AD818}.Release|Any CPU.Build.0 = Release|Any CPU
		{F7C9D390-89B6-4AC5-AAD5-9EF1FEE90284}.Debug|Any CPU.ActiveCfg = Debug|Any CPU
		{F7C9D390-89B6-4AC5-AAD5-9EF1FEE90284}.Debug|Any CPU.Build.0 = Debug|Any CPU
		{F7C9D390-89B6-4AC5-AAD5-9EF1FEE90284}.Release|Any CPU.ActiveCfg = Release|Any CPU
		{F7C9D390-89B6-4AC5-AAD5-9EF1FEE90284}.Release|Any CPU.Build.0 = Release|Any CPU
	EndGlobalSection
	GlobalSection(SolutionProperties) = preSolution
		HideSolutionNode = FALSE
	EndGlobalSection
	GlobalSection(ExtensibilityGlobals) = postSolution
		SolutionGuid = {A64F2A49-67E3-4C42-BD9A-DFC2355F6E42}
	EndGlobalSection
EndGlobal
