
Microsoft Visual Studio Solution File, Format Version 12.00
# Visual Studio Version 17
VisualStudioVersion = 17.14.36327.8
MinimumVisualStudioVersion = 10.0.40219.1
Project("{FAE04EC0-301F-11D3-BF4B-00C04F79EFBC}") = "TimesheetManagement.Domain", "TimesheetManagement.Domain\TimesheetManagement.Domain.csproj", "{96D58329-8596-4F39-A958-B0F159605073}"
EndProject
Project("{FAE04EC0-301F-11D3-BF4B-00C04F79EFBC}") = "TimesheetManagement.Application", "TimesheetManagement.Application\TimesheetManagement.Application.csproj", "{C29A00E6-88D8-4405-8EA8-E1995B626E40}"
EndProject
Project("{FAE04EC0-301F-11D3-BF4B-00C04F79EFBC}") = "TimesheetManagement.Infrastructure", "TimesheetManagement.Infrastructure\TimesheetManagement.Infrastructure.csproj", "{1E845406-E8A3-4FE0-A201-F99A3AB52481}"
EndProject
Project("{FAE04EC0-301F-11D3-BF4B-00C04F79EFBC}") = "TimesheetManagement.API", "TimesheetManagement.API\TimesheetManagement.API.csproj", "{81F08F16-5D96-460E-B845-99EA16A6860F}"
EndProject
Project("{2150E333-8FDC-42A3-9474-1A3956D46DE8}") = "Legacy", "Legacy", "{02EA681E-C7D8-13C7-8484-4AC65E1B71E8}"
EndProject
Project("{FAE04EC0-301F-11D3-BF4B-00C04F79EFBC}") = "TimesheetManagement.IntegrationTests", "TimesheetManagement.IntegrationTests\TimesheetManagement.IntegrationTests.csproj", "{9362C8EC-D928-4CF7-A1E4-69B231A9A2B1}"
EndProject
Project("{FAE04EC0-301F-11D3-BF4B-00C04F79EFBC}") = "TimesheetManagement.UnitTests", "TimesheetManagement.UnitTests\TimesheetManagement.UnitTests.csproj", "{707A1E81-7FCF-880E-AF37-591ABD33AB46}"
EndProject
Project("{00D1A9C2-B5F0-4AF3-8072-F6C62B433612}") = "TimesheetManagement.Database", "TimesheetManagement.Database\TimesheetManagement.Database.sqlproj", "{4D3BC476-E7EC-4B9A-B5DC-D3F0DA539D46}"
EndProject
Global
	GlobalSection(SolutionConfigurationPlatforms) = preSolution
		Debug|Any CPU = Debug|Any CPU
		Release|Any CPU = Release|Any CPU
	EndGlobalSection
	GlobalSection(ProjectConfigurationPlatforms) = postSolution
		{96D58329-8596-4F39-A958-B0F159605073}.Debug|Any CPU.ActiveCfg = Debug|Any CPU
		{96D58329-8596-4F39-A958-B0F159605073}.Debug|Any CPU.Build.0 = Debug|Any CPU
		{96D58329-8596-4F39-A958-B0F159605073}.Release|Any CPU.ActiveCfg = Release|Any CPU
		{96D58329-8596-4F39-A958-B0F159605073}.Release|Any CPU.Build.0 = Release|Any CPU
		{C29A00E6-88D8-4405-8EA8-E1995B626E40}.Debug|Any CPU.ActiveCfg = Debug|Any CPU
		{C29A00E6-88D8-4405-8EA8-E1995B626E40}.Debug|Any CPU.Build.0 = Debug|Any CPU
		{C29A00E6-88D8-4405-8EA8-E1995B626E40}.Release|Any CPU.ActiveCfg = Release|Any CPU
		{C29A00E6-88D8-4405-8EA8-E1995B626E40}.Release|Any CPU.Build.0 = Release|Any CPU
		{1E845406-E8A3-4FE0-A201-F99A3AB52481}.Debug|Any CPU.ActiveCfg = Debug|Any CPU
		{1E845406-E8A3-4FE0-A201-F99A3AB52481}.Debug|Any CPU.Build.0 = Debug|Any CPU
		{1E845406-E8A3-4FE0-A201-F99A3AB52481}.Release|Any CPU.ActiveCfg = Release|Any CPU
		{1E845406-E8A3-4FE0-A201-F99A3AB52481}.Release|Any CPU.Build.0 = Release|Any CPU
		{81F08F16-5D96-460E-B845-99EA16A6860F}.Debug|Any CPU.ActiveCfg = Debug|Any CPU
		{81F08F16-5D96-460E-B845-99EA16A6860F}.Debug|Any CPU.Build.0 = Debug|Any CPU
		{81F08F16-5D96-460E-B845-99EA16A6860F}.Release|Any CPU.ActiveCfg = Release|Any CPU
		{81F08F16-5D96-460E-B845-99EA16A6860F}.Release|Any CPU.Build.0 = Release|Any CPU
		{9362C8EC-D928-4CF7-A1E4-69B231A9A2B1}.Debug|Any CPU.ActiveCfg = Debug|Any CPU
		{9362C8EC-D928-4CF7-A1E4-69B231A9A2B1}.Debug|Any CPU.Build.0 = Debug|Any CPU
		{9362C8EC-D928-4CF7-A1E4-69B231A9A2B1}.Release|Any CPU.ActiveCfg = Release|Any CPU
		{9362C8EC-D928-4CF7-A1E4-69B231A9A2B1}.Release|Any CPU.Build.0 = Release|Any CPU
		{707A1E81-7FCF-880E-AF37-591ABD33AB46}.Debug|Any CPU.ActiveCfg = Debug|Any CPU
		{707A1E81-7FCF-880E-AF37-591ABD33AB46}.Debug|Any CPU.Build.0 = Debug|Any CPU
		{707A1E81-7FCF-880E-AF37-591ABD33AB46}.Release|Any CPU.ActiveCfg = Release|Any CPU
		{707A1E81-7FCF-880E-AF37-591ABD33AB46}.Release|Any CPU.Build.0 = Release|Any CPU
		{4D3BC476-E7EC-4B9A-B5DC-D3F0DA539D46}.Debug|Any CPU.ActiveCfg = Debug|Any CPU
		{4D3BC476-E7EC-4B9A-B5DC-D3F0DA539D46}.Debug|Any CPU.Build.0 = Debug|Any CPU
		{4D3BC476-E7EC-4B9A-B5DC-D3F0DA539D46}.Debug|Any CPU.Deploy.0 = Debug|Any CPU
		{4D3BC476-E7EC-4B9A-B5DC-D3F0DA539D46}.Release|Any CPU.ActiveCfg = Release|Any CPU
		{4D3BC476-E7EC-4B9A-B5DC-D3F0DA539D46}.Release|Any CPU.Build.0 = Release|Any CPU
		{4D3BC476-E7EC-4B9A-B5DC-D3F0DA539D46}.Release|Any CPU.Deploy.0 = Release|Any CPU
	EndGlobalSection
	GlobalSection(SolutionProperties) = preSolution
		HideSolutionNode = FALSE
	EndGlobalSection
	GlobalSection(ExtensibilityGlobals) = postSolution
		SolutionGuid = {02DA0EA5-316D-4033-89B6-8A331A327D40}
	EndGlobalSection
EndGlobal
