
Microsoft Visual Studio Solution File, Format Version 12.00
# Visual Studio Version 17
VisualStudioVersion = 17.14.36327.8
MinimumVisualStudioVersion = 10.0.40219.1
Project("{2150E333-8FDC-42A3-9474-1A3956D46DE8}") = "LegacyProjects", "LegacyProjects", "{02EA681E-C7D8-13C7-8484-4AC65E1B71E8}"
EndProject
Project("{FAE04EC0-301F-11D3-BF4B-00C04F79EFBC}") = "Core.Domain", "Core.Domain\Core.Domain.csproj", "{ABCC40CE-004D-4FFC-B9D8-34F761338554}"
EndProject
Project("{FAE04EC0-301F-11D3-BF4B-00C04F79EFBC}") = "Legacy.Domain", "Legacy.Domain\Legacy.Domain.csproj", "{2556D11E-991B-4711-A6AF-649BFA788234}"
EndProject
Project("{2150E333-8FDC-42A3-9474-1A3956D46DE8}") = "ModernProjects", "ModernProjects", "{422346D9-E2CF-4AB5-B428-A4AB953743A5}"
EndProject
Project("{00D1A9C2-B5F0-4AF3-8072-F6C62B433612}") = "Demo.Database", "Demo.Database\Demo.Database.sqlproj", "{9528E79D-68A6-43AE-8CEC-98F319141A10}"
EndProject
Global
	GlobalSection(SolutionConfigurationPlatforms) = preSolution
		Debug|Any CPU = Debug|Any CPU
		Release|Any CPU = Release|Any CPU
	EndGlobalSection
	GlobalSection(ProjectConfigurationPlatforms) = postSolution
		{ABCC40CE-004D-4FFC-B9D8-34F761338554}.Debug|Any CPU.ActiveCfg = Debug|Any CPU
		{ABCC40CE-004D-4FFC-B9D8-34F761338554}.Debug|Any CPU.Build.0 = Debug|Any CPU
		{ABCC40CE-004D-4FFC-B9D8-34F761338554}.Release|Any CPU.ActiveCfg = Release|Any CPU
		{ABCC40CE-004D-4FFC-B9D8-34F761338554}.Release|Any CPU.Build.0 = Release|Any CPU
		{2556D11E-991B-4711-A6AF-649BFA788234}.Debug|Any CPU.ActiveCfg = Debug|Any CPU
		{2556D11E-991B-4711-A6AF-649BFA788234}.Debug|Any CPU.Build.0 = Debug|Any CPU
		{2556D11E-991B-4711-A6AF-649BFA788234}.Release|Any CPU.ActiveCfg = Release|Any CPU
		{2556D11E-991B-4711-A6AF-649BFA788234}.Release|Any CPU.Build.0 = Release|Any CPU
		{9528E79D-68A6-43AE-8CEC-98F319141A10}.Debug|Any CPU.ActiveCfg = Debug|Any CPU
		{9528E79D-68A6-43AE-8CEC-98F319141A10}.Debug|Any CPU.Build.0 = Debug|Any CPU
		{9528E79D-68A6-43AE-8CEC-98F319141A10}.Debug|Any CPU.Deploy.0 = Debug|Any CPU
		{9528E79D-68A6-43AE-8CEC-98F319141A10}.Release|Any CPU.ActiveCfg = Release|Any CPU
		{9528E79D-68A6-43AE-8CEC-98F319141A10}.Release|Any CPU.Build.0 = Release|Any CPU
		{9528E79D-68A6-43AE-8CEC-98F319141A10}.Release|Any CPU.Deploy.0 = Release|Any CPU
	EndGlobalSection
	GlobalSection(SolutionProperties) = preSolution
		HideSolutionNode = FALSE
	EndGlobalSection
	GlobalSection(NestedProjects) = preSolution
		{ABCC40CE-004D-4FFC-B9D8-34F761338554} = {422346D9-E2CF-4AB5-B428-A4AB953743A5}
		{2556D11E-991B-4711-A6AF-649BFA788234} = {02EA681E-C7D8-13C7-8484-4AC65E1B71E8}
	EndGlobalSection
	GlobalSection(ExtensibilityGlobals) = postSolution
		SolutionGuid = {99FBEF8D-5559-4E79-80B9-B78BCDE16358}
	EndGlobalSection
EndGlobal
