
Microsoft Visual Studio Solution File, Format Version 12.00
# Visual Studio Version 17
VisualStudioVersion = 17.9.34714.143
MinimumVisualStudioVersion = 10.0.40219.1
Project("{FAE04EC0-301F-11D3-BF4B-00C04F79EFBC}") = "GettingStarted", "GettingStarted\GettingStarted.csproj", "{DDBF9994-7AD2-4226-BDF9-526003E42D0B}"
EndProject
Project("{FAE04EC0-301F-11D3-BF4B-00C04F79EFBC}") = "Module5", "Module5\Module5.csproj", "{C8DFC154-87AD-43A8-995A-BD5223D227AD}"
EndProject
Global
	GlobalSection(SolutionConfigurationPlatforms) = preSolution
		Debug|Any CPU = Debug|Any CPU
		Release|Any CPU = Release|Any CPU
	EndGlobalSection
	GlobalSection(ProjectConfigurationPlatforms) = postSolution
		{DDBF9994-7AD2-4226-BDF9-526003E42D0B}.Debug|Any CPU.ActiveCfg = Debug|Any CPU
		{DDBF9994-7AD2-4226-BDF9-526003E42D0B}.Debug|Any CPU.Build.0 = Debug|Any CPU
		{DDBF9994-7AD2-4226-BDF9-526003E42D0B}.Release|Any CPU.ActiveCfg = Release|Any CPU
		{DDBF9994-7AD2-4226-BDF9-526003E42D0B}.Release|Any CPU.Build.0 = Release|Any CPU
		{C8DFC154-87AD-43A8-995A-BD5223D227AD}.Debug|Any CPU.ActiveCfg = Debug|Any CPU
		{C8DFC154-87AD-43A8-995A-BD5223D227AD}.Debug|Any CPU.Build.0 = Debug|Any CPU
		{C8DFC154-87AD-43A8-995A-BD5223D227AD}.Release|Any CPU.ActiveCfg = Release|Any CPU
		{C8DFC154-87AD-43A8-995A-BD5223D227AD}.Release|Any CPU.Build.0 = Release|Any CPU
	EndGlobalSection
	GlobalSection(SolutionProperties) = preSolution
		HideSolutionNode = FALSE
	EndGlobalSection
	GlobalSection(ExtensibilityGlobals) = postSolution
		SolutionGuid = {4BA60238-3910-413B-8E3A-299F44BBB743}
	EndGlobalSection
EndGlobal
